
Microsoft Visual Studio Solution File, Format Version 12.00
# Visual Studio Version 17
VisualStudioVersion = 17.7.34031.279
MinimumVisualStudioVersion = 10.0.40219.1
Project("{FAE04EC0-301F-11D3-BF4B-00C04F79EFBC}") = "WebApplication1", "WebApplication1.csproj", "{EE589F73-AE11-49DC-8BBF-A7E111CD6641}"
EndProject
Global
	GlobalSection(SolutionConfigurationPlatforms) = preSolution
		Debug|Any CPU = Debug|Any CPU
		Release|Any CPU = Release|Any CPU
	EndGlobalSection
	GlobalSection(ProjectConfigurationPlatforms) = postSolution
		{EE589F73-AE11-49DC-8BBF-A7E111CD6641}.Debug|Any CPU.ActiveCfg = Debug|Any CPU
		{EE589F73-AE11-49DC-8BBF-A7E111CD6641}.Debug|Any CPU.Build.0 = Debug|Any CPU
		{EE589F73-AE11-49DC-8BBF-A7E111CD6641}.Release|Any CPU.ActiveCfg = Release|Any CPU
		{EE589F73-AE11-49DC-8BBF-A7E111CD6641}.Release|Any CPU.Build.0 = Release|Any CPU
	EndGlobalSection
	GlobalSection(SolutionProperties) = preSolution
		HideSolutionNode = FALSE
	EndGlobalSection
	GlobalSection(ExtensibilityGlobals) = postSolution
		SolutionGuid = {BCE914E1-2864-4FB6-8703-1641BC1EC923}
	EndGlobalSection
EndGlobal
